
Microsoft Visual Studio Solution File, Format Version 12.00
# Visual Studio Version 16
VisualStudioVersion = 16.0.30907.101
MinimumVisualStudioVersion = 15.0.26124.0
Project("{9A19103F-16F7-4668-BE54-9A1E7A4F7556}") = "Dotz.Api", "Dotz.Api\Dotz.Api.csproj", "{7B48C399-32F1-4054-B468-9C961B7FBE1B}"
EndProject
Project("{9A19103F-16F7-4668-BE54-9A1E7A4F7556}") = "Dotz.Core", "Dotz.Core\Dotz.Core.csproj", "{3904585B-6E87-41FB-A79B-F1EEA9FA7CEE}"
EndProject
Project("{9A19103F-16F7-4668-BE54-9A1E7A4F7556}") = "Dotz.Services", "Dotz.Services\Dotz.Services.csproj", "{B335DF4C-4FA8-4302-AA17-FA56A9E34441}"
EndProject
Project("{9A19103F-16F7-4668-BE54-9A1E7A4F7556}") = "Dotz.Data", "Dotz.Data\Dotz.Data.csproj", "{48B9A7F2-06B4-49D2-B973-5C2232BA2CBB}"
EndProject
Global
	GlobalSection(SolutionConfigurationPlatforms) = preSolution
		Debug|Any CPU = Debug|Any CPU
		Debug|x64 = Debug|x64
		Debug|x86 = Debug|x86
		Release|Any CPU = Release|Any CPU
		Release|x64 = Release|x64
		Release|x86 = Release|x86
	EndGlobalSection
	GlobalSection(ProjectConfigurationPlatforms) = postSolution
		{7B48C399-32F1-4054-B468-9C961B7FBE1B}.Debug|Any CPU.ActiveCfg = Debug|Any CPU
		{7B48C399-32F1-4054-B468-9C961B7FBE1B}.Debug|Any CPU.Build.0 = Debug|Any CPU
		{7B48C399-32F1-4054-B468-9C961B7FBE1B}.Debug|x64.ActiveCfg = Debug|Any CPU
		{7B48C399-32F1-4054-B468-9C961B7FBE1B}.Debug|x64.Build.0 = Debug|Any CPU
		{7B48C399-32F1-4054-B468-9C961B7FBE1B}.Debug|x86.ActiveCfg = Debug|Any CPU
		{7B48C399-32F1-4054-B468-9C961B7FBE1B}.Debug|x86.Build.0 = Debug|Any CPU
		{7B48C399-32F1-4054-B468-9C961B7FBE1B}.Release|Any CPU.ActiveCfg = Release|Any CPU
		{7B48C399-32F1-4054-B468-9C961B7FBE1B}.Release|Any CPU.Build.0 = Release|Any CPU
		{7B48C399-32F1-4054-B468-9C961B7FBE1B}.Release|x64.ActiveCfg = Release|Any CPU
		{7B48C399-32F1-4054-B468-9C961B7FBE1B}.Release|x64.Build.0 = Release|Any CPU
		{7B48C399-32F1-4054-B468-9C961B7FBE1B}.Release|x86.ActiveCfg = Release|Any CPU
		{7B48C399-32F1-4054-B468-9C961B7FBE1B}.Release|x86.Build.0 = Release|Any CPU
		{3904585B-6E87-41FB-A79B-F1EEA9FA7CEE}.Debug|Any CPU.ActiveCfg = Debug|Any CPU
		{3904585B-6E87-41FB-A79B-F1EEA9FA7CEE}.Debug|Any CPU.Build.0 = Debug|Any CPU
		{3904585B-6E87-41FB-A79B-F1EEA9FA7CEE}.Debug|x64.ActiveCfg = Debug|Any CPU
		{3904585B-6E87-41FB-A79B-F1EEA9FA7CEE}.Debug|x64.Build.0 = Debug|Any CPU
		{3904585B-6E87-41FB-A79B-F1EEA9FA7CEE}.Debug|x86.ActiveCfg = Debug|Any CPU
		{3904585B-6E87-41FB-A79B-F1EEA9FA7CEE}.Debug|x86.Build.0 = Debug|Any CPU
		{3904585B-6E87-41FB-A79B-F1EEA9FA7CEE}.Release|Any CPU.ActiveCfg = Release|Any CPU
		{3904585B-6E87-41FB-A79B-F1EEA9FA7CEE}.Release|Any CPU.Build.0 = Release|Any CPU
		{3904585B-6E87-41FB-A79B-F1EEA9FA7CEE}.Release|x64.ActiveCfg = Release|Any CPU
		{3904585B-6E87-41FB-A79B-F1EEA9FA7CEE}.Release|x64.Build.0 = Release|Any CPU
		{3904585B-6E87-41FB-A79B-F1EEA9FA7CEE}.Release|x86.ActiveCfg = Release|Any CPU
		{3904585B-6E87-41FB-A79B-F1EEA9FA7CEE}.Release|x86.Build.0 = Release|Any CPU
		{B335DF4C-4FA8-4302-AA17-FA56A9E34441}.Debug|Any CPU.ActiveCfg = Debug|Any CPU
		{B335DF4C-4FA8-4302-AA17-FA56A9E34441}.Debug|Any CPU.Build.0 = Debug|Any CPU
		{B335DF4C-4FA8-4302-AA17-FA56A9E34441}.Debug|x64.ActiveCfg = Debug|Any CPU
		{B335DF4C-4FA8-4302-AA17-FA56A9E34441}.Debug|x64.Build.0 = Debug|Any CPU
		{B335DF4C-4FA8-4302-AA17-FA56A9E34441}.Debug|x86.ActiveCfg = Debug|Any CPU
		{B335DF4C-4FA8-4302-AA17-FA56A9E34441}.Debug|x86.Build.0 = Debug|Any CPU
		{B335DF4C-4FA8-4302-AA17-FA56A9E34441}.Release|Any CPU.ActiveCfg = Release|Any CPU
		{B335DF4C-4FA8-4302-AA17-FA56A9E34441}.Release|Any CPU.Build.0 = Release|Any CPU
		{B335DF4C-4FA8-4302-AA17-FA56A9E34441}.Release|x64.ActiveCfg = Release|Any CPU
		{B335DF4C-4FA8-4302-AA17-FA56A9E34441}.Release|x64.Build.0 = Release|Any CPU
		{B335DF4C-4FA8-4302-AA17-FA56A9E34441}.Release|x86.ActiveCfg = Release|Any CPU
		{B335DF4C-4FA8-4302-AA17-FA56A9E34441}.Release|x86.Build.0 = Release|Any CPU
		{48B9A7F2-06B4-49D2-B973-5C2232BA2CBB}.Debug|Any CPU.ActiveCfg = Debug|Any CPU
		{48B9A7F2-06B4-49D2-B973-5C2232BA2CBB}.Debug|Any CPU.Build.0 = Debug|Any CPU
		{48B9A7F2-06B4-49D2-B973-5C2232BA2CBB}.Debug|x64.ActiveCfg = Debug|Any CPU
		{48B9A7F2-06B4-49D2-B973-5C2232BA2CBB}.Debug|x64.Build.0 = Debug|Any CPU
		{48B9A7F2-06B4-49D2-B973-5C2232BA2CBB}.Debug|x86.ActiveCfg = Debug|Any CPU
		{48B9A7F2-06B4-49D2-B973-5C2232BA2CBB}.Debug|x86.Build.0 = Debug|Any CPU
		{48B9A7F2-06B4-49D2-B973-5C2232BA2CBB}.Release|Any CPU.ActiveCfg = Release|Any CPU
		{48B9A7F2-06B4-49D2-B973-5C2232BA2CBB}.Release|Any CPU.Build.0 = Release|Any CPU
		{48B9A7F2-06B4-49D2-B973-5C2232BA2CBB}.Release|x64.ActiveCfg = Release|Any CPU
		{48B9A7F2-06B4-49D2-B973-5C2232BA2CBB}.Release|x64.Build.0 = Release|Any CPU
		{48B9A7F2-06B4-49D2-B973-5C2232BA2CBB}.Release|x86.ActiveCfg = Release|Any CPU
		{48B9A7F2-06B4-49D2-B973-5C2232BA2CBB}.Release|x86.Build.0 = Release|Any CPU
	EndGlobalSection
	GlobalSection(SolutionProperties) = preSolution
		HideSolutionNode = FALSE
	EndGlobalSection
	GlobalSection(ExtensibilityGlobals) = postSolution
		SolutionGuid = {CE7C5DE5-04F3-4AA0-898F-4432054A4A61}
	EndGlobalSection
EndGlobal
